
Microsoft Visual Studio Solution File, Format Version 12.00
# Visual Studio Version 16
VisualStudioVersion = 16.0.30523.141
MinimumVisualStudioVersion = 10.0.40219.1
Project("{FAE04EC0-301F-11D3-BF4B-00C04F79EFBC}") = "EFrt", "EFrt\EFrt.csproj", "{367955F6-F7B1-46E7-B312-CF8381919987}"
EndProject
Global
	GlobalSection(SolutionConfigurationPlatforms) = preSolution
		Debug|Any CPU = Debug|Any CPU
		Release|Any CPU = Release|Any CPU
	EndGlobalSection
	GlobalSection(ProjectConfigurationPlatforms) = postSolution
		{367955F6-F7B1-46E7-B312-CF8381919987}.Debug|Any CPU.ActiveCfg = Debug|Any CPU
		{367955F6-F7B1-46E7-B312-CF8381919987}.Debug|Any CPU.Build.0 = Debug|Any CPU
		{367955F6-F7B1-46E7-B312-CF8381919987}.Release|Any CPU.ActiveCfg = Release|Any CPU
		{367955F6-F7B1-46E7-B312-CF8381919987}.Release|Any CPU.Build.0 = Release|Any CPU
	EndGlobalSection
	GlobalSection(SolutionProperties) = preSolution
		HideSolutionNode = FALSE
	EndGlobalSection
	GlobalSection(ExtensibilityGlobals) = postSolution
		SolutionGuid = {5B5049EE-046D-4710-AFD0-161607B2A4B2}
	EndGlobalSection
EndGlobal
