
Microsoft Visual Studio Solution File, Format Version 12.00
# Visual Studio Version 16
VisualStudioVersion = 16.0.30523.141
MinimumVisualStudioVersion = 10.0.40219.1
Project("{9A19103F-16F7-4668-BE54-9A1E7A4F7556}") = "EFrt", "EFrt\EFrt.csproj", "{367955F6-F7B1-46E7-B312-CF8381919987}"
EndProject
Project("{2150E333-8FDC-42A3-9474-1A3956D46DE8}") = "Solution Items", "Solution Items", "{738AC7B8-125D-404D-AE86-95CBCB227F0A}"
	ProjectSection(SolutionItems) = preProject
		build-package.ps1 = build-package.ps1
		build.ps1 = build.ps1
		include.ps1 = include.ps1
		LICENSE.txt = LICENSE.txt
		NuGet.Config = NuGet.Config
		README.md = README.md
	EndProjectSection
EndProject
Project("{9A19103F-16F7-4668-BE54-9A1E7A4F7556}") = "EFrt_Tests", "EFrt_Tests\EFrt_Tests.csproj", "{5DAFCCB9-4F93-4638-8AE3-A1BF35C7EB02}"
EndProject
Project("{9A19103F-16F7-4668-BE54-9A1E7A4F7556}") = "EFrtApp", "EFrtApp\EFrtApp.csproj", "{C80D0E9B-E1F3-4760-9F22-98C584A8EFD0}"
EndProject
Project("{9A19103F-16F7-4668-BE54-9A1E7A4F7556}") = "EFrt.Core", "EFrt.Core\EFrt.Core.csproj", "{5F05B1FA-C9DB-4EFD-8811-622E70F1F38F}"
EndProject
Project("{2150E333-8FDC-42A3-9474-1A3956D46DE8}") = "Libs", "Libs", "{F7C44659-853E-4F5E-8B1B-D976286CDB47}"
EndProject
Project("{9A19103F-16F7-4668-BE54-9A1E7A4F7556}") = "EFrt.Libs.Core", "EFrt.Libs.Core\EFrt.Libs.Core.csproj", "{5C89175F-B81A-4624-991F-0FBB7D7E2D06}"
EndProject
Project("{9A19103F-16F7-4668-BE54-9A1E7A4F7556}") = "EFrt.Libs.Object", "EFrt.Libs.Object\EFrt.Libs.Object.csproj", "{ACE37F6D-1864-4B64-AB43-DEB99E437952}"
EndProject
Project("{9A19103F-16F7-4668-BE54-9A1E7A4F7556}") = "EFrt.Libs.String", "EFrt.Libs.String\EFrt.Libs.String.csproj", "{20CEAF77-13CB-420B-BB2C-0516083C426A}"
EndProject
Project("{9A19103F-16F7-4668-BE54-9A1E7A4F7556}") = "EFrt.Libs.CoreExt", "EFrt.Libs.CoreExt\EFrt.Libs.CoreExt.csproj", "{1F27EC1F-4CD4-4931-8F75-F7B47DDF4ADF}"
EndProject
Project("{9A19103F-16F7-4668-BE54-9A1E7A4F7556}") = "EFrt.Libs.Floating", "EFrt.Libs.Floating\EFrt.Libs.Floating.csproj", "{338662EB-797A-43AE-8C6F-D8C6D708FB62}"
EndProject
Project("{9A19103F-16F7-4668-BE54-9A1E7A4F7556}") = "EFrt.Libs.Tools", "EFrt.Libs.Tools\EFrt.Libs.Tools.csproj", "{F6FCBD18-285E-4DB7-847F-6F40000BB014}"
EndProject
Project("{9A19103F-16F7-4668-BE54-9A1E7A4F7556}") = "EFrt.Libs.ToolsExt", "EFrt.Libs.ToolsExt\EFrt.Libs.ToolsExt.csproj", "{DD278452-4C7D-417C-9534-E9A56D27FDDB}"
EndProject
Project("{9A19103F-16F7-4668-BE54-9A1E7A4F7556}") = "EFrt.Libs.DoubleExt", "EFrt.Libs.DoubleExt\EFrt.Libs.DoubleExt.csproj", "{C9FF5C26-6C9F-438D-97A9-23F7C54CC2F5}"
EndProject
Project("{9A19103F-16F7-4668-BE54-9A1E7A4F7556}") = "EFrt.Libs.Double", "EFrt.Libs.Double\EFrt.Libs.Double.csproj", "{8BAF07E4-558D-4DB3-B203-2BF83379A44E}"
EndProject
Project("{FAE04EC0-301F-11D3-BF4B-00C04F79EFBC}") = "EFrt.Libs.Exception", "EFrt.Libs.Exception\EFrt.Libs.Exception.csproj", "{327A9CE0-D224-42E3-9A69-9D3BF63FFCBF}"
EndProject
Global
	GlobalSection(SolutionConfigurationPlatforms) = preSolution
		Debug|Any CPU = Debug|Any CPU
		Release|Any CPU = Release|Any CPU
	EndGlobalSection
	GlobalSection(ProjectConfigurationPlatforms) = postSolution
		{367955F6-F7B1-46E7-B312-CF8381919987}.Debug|Any CPU.ActiveCfg = Debug|Any CPU
		{367955F6-F7B1-46E7-B312-CF8381919987}.Debug|Any CPU.Build.0 = Debug|Any CPU
		{367955F6-F7B1-46E7-B312-CF8381919987}.Release|Any CPU.ActiveCfg = Release|Any CPU
		{367955F6-F7B1-46E7-B312-CF8381919987}.Release|Any CPU.Build.0 = Release|Any CPU
		{5DAFCCB9-4F93-4638-8AE3-A1BF35C7EB02}.Debug|Any CPU.ActiveCfg = Debug|Any CPU
		{5DAFCCB9-4F93-4638-8AE3-A1BF35C7EB02}.Debug|Any CPU.Build.0 = Debug|Any CPU
		{5DAFCCB9-4F93-4638-8AE3-A1BF35C7EB02}.Release|Any CPU.ActiveCfg = Release|Any CPU
		{5DAFCCB9-4F93-4638-8AE3-A1BF35C7EB02}.Release|Any CPU.Build.0 = Release|Any CPU
		{C80D0E9B-E1F3-4760-9F22-98C584A8EFD0}.Debug|Any CPU.ActiveCfg = Debug|Any CPU
		{C80D0E9B-E1F3-4760-9F22-98C584A8EFD0}.Debug|Any CPU.Build.0 = Debug|Any CPU
		{C80D0E9B-E1F3-4760-9F22-98C584A8EFD0}.Release|Any CPU.ActiveCfg = Release|Any CPU
		{C80D0E9B-E1F3-4760-9F22-98C584A8EFD0}.Release|Any CPU.Build.0 = Release|Any CPU
		{5F05B1FA-C9DB-4EFD-8811-622E70F1F38F}.Debug|Any CPU.ActiveCfg = Debug|Any CPU
		{5F05B1FA-C9DB-4EFD-8811-622E70F1F38F}.Debug|Any CPU.Build.0 = Debug|Any CPU
		{5F05B1FA-C9DB-4EFD-8811-622E70F1F38F}.Release|Any CPU.ActiveCfg = Release|Any CPU
		{5F05B1FA-C9DB-4EFD-8811-622E70F1F38F}.Release|Any CPU.Build.0 = Release|Any CPU
		{5C89175F-B81A-4624-991F-0FBB7D7E2D06}.Debug|Any CPU.ActiveCfg = Debug|Any CPU
		{5C89175F-B81A-4624-991F-0FBB7D7E2D06}.Debug|Any CPU.Build.0 = Debug|Any CPU
		{5C89175F-B81A-4624-991F-0FBB7D7E2D06}.Release|Any CPU.ActiveCfg = Release|Any CPU
		{5C89175F-B81A-4624-991F-0FBB7D7E2D06}.Release|Any CPU.Build.0 = Release|Any CPU
		{ACE37F6D-1864-4B64-AB43-DEB99E437952}.Debug|Any CPU.ActiveCfg = Debug|Any CPU
		{ACE37F6D-1864-4B64-AB43-DEB99E437952}.Debug|Any CPU.Build.0 = Debug|Any CPU
		{ACE37F6D-1864-4B64-AB43-DEB99E437952}.Release|Any CPU.ActiveCfg = Release|Any CPU
		{ACE37F6D-1864-4B64-AB43-DEB99E437952}.Release|Any CPU.Build.0 = Release|Any CPU
		{20CEAF77-13CB-420B-BB2C-0516083C426A}.Debug|Any CPU.ActiveCfg = Debug|Any CPU
		{20CEAF77-13CB-420B-BB2C-0516083C426A}.Debug|Any CPU.Build.0 = Debug|Any CPU
		{20CEAF77-13CB-420B-BB2C-0516083C426A}.Release|Any CPU.ActiveCfg = Release|Any CPU
		{20CEAF77-13CB-420B-BB2C-0516083C426A}.Release|Any CPU.Build.0 = Release|Any CPU
		{1F27EC1F-4CD4-4931-8F75-F7B47DDF4ADF}.Debug|Any CPU.ActiveCfg = Debug|Any CPU
		{1F27EC1F-4CD4-4931-8F75-F7B47DDF4ADF}.Debug|Any CPU.Build.0 = Debug|Any CPU
		{1F27EC1F-4CD4-4931-8F75-F7B47DDF4ADF}.Release|Any CPU.ActiveCfg = Release|Any CPU
		{1F27EC1F-4CD4-4931-8F75-F7B47DDF4ADF}.Release|Any CPU.Build.0 = Release|Any CPU
		{338662EB-797A-43AE-8C6F-D8C6D708FB62}.Debug|Any CPU.ActiveCfg = Debug|Any CPU
		{338662EB-797A-43AE-8C6F-D8C6D708FB62}.Debug|Any CPU.Build.0 = Debug|Any CPU
		{338662EB-797A-43AE-8C6F-D8C6D708FB62}.Release|Any CPU.ActiveCfg = Release|Any CPU
		{338662EB-797A-43AE-8C6F-D8C6D708FB62}.Release|Any CPU.Build.0 = Release|Any CPU
		{F6FCBD18-285E-4DB7-847F-6F40000BB014}.Debug|Any CPU.ActiveCfg = Debug|Any CPU
		{F6FCBD18-285E-4DB7-847F-6F40000BB014}.Debug|Any CPU.Build.0 = Debug|Any CPU
		{F6FCBD18-285E-4DB7-847F-6F40000BB014}.Release|Any CPU.ActiveCfg = Release|Any CPU
		{F6FCBD18-285E-4DB7-847F-6F40000BB014}.Release|Any CPU.Build.0 = Release|Any CPU
		{DD278452-4C7D-417C-9534-E9A56D27FDDB}.Debug|Any CPU.ActiveCfg = Debug|Any CPU
		{DD278452-4C7D-417C-9534-E9A56D27FDDB}.Debug|Any CPU.Build.0 = Debug|Any CPU
		{DD278452-4C7D-417C-9534-E9A56D27FDDB}.Release|Any CPU.ActiveCfg = Release|Any CPU
		{DD278452-4C7D-417C-9534-E9A56D27FDDB}.Release|Any CPU.Build.0 = Release|Any CPU
		{C9FF5C26-6C9F-438D-97A9-23F7C54CC2F5}.Debug|Any CPU.ActiveCfg = Debug|Any CPU
		{C9FF5C26-6C9F-438D-97A9-23F7C54CC2F5}.Debug|Any CPU.Build.0 = Debug|Any CPU
		{C9FF5C26-6C9F-438D-97A9-23F7C54CC2F5}.Release|Any CPU.ActiveCfg = Release|Any CPU
		{C9FF5C26-6C9F-438D-97A9-23F7C54CC2F5}.Release|Any CPU.Build.0 = Release|Any CPU
		{8BAF07E4-558D-4DB3-B203-2BF83379A44E}.Debug|Any CPU.ActiveCfg = Debug|Any CPU
		{8BAF07E4-558D-4DB3-B203-2BF83379A44E}.Debug|Any CPU.Build.0 = Debug|Any CPU
		{8BAF07E4-558D-4DB3-B203-2BF83379A44E}.Release|Any CPU.ActiveCfg = Release|Any CPU
		{8BAF07E4-558D-4DB3-B203-2BF83379A44E}.Release|Any CPU.Build.0 = Release|Any CPU
		{327A9CE0-D224-42E3-9A69-9D3BF63FFCBF}.Debug|Any CPU.ActiveCfg = Debug|Any CPU
		{327A9CE0-D224-42E3-9A69-9D3BF63FFCBF}.Debug|Any CPU.Build.0 = Debug|Any CPU
		{327A9CE0-D224-42E3-9A69-9D3BF63FFCBF}.Release|Any CPU.ActiveCfg = Release|Any CPU
		{327A9CE0-D224-42E3-9A69-9D3BF63FFCBF}.Release|Any CPU.Build.0 = Release|Any CPU
	EndGlobalSection
	GlobalSection(SolutionProperties) = preSolution
		HideSolutionNode = FALSE
	EndGlobalSection
	GlobalSection(NestedProjects) = preSolution
		{5C89175F-B81A-4624-991F-0FBB7D7E2D06} = {F7C44659-853E-4F5E-8B1B-D976286CDB47}
		{ACE37F6D-1864-4B64-AB43-DEB99E437952} = {F7C44659-853E-4F5E-8B1B-D976286CDB47}
		{20CEAF77-13CB-420B-BB2C-0516083C426A} = {F7C44659-853E-4F5E-8B1B-D976286CDB47}
		{1F27EC1F-4CD4-4931-8F75-F7B47DDF4ADF} = {F7C44659-853E-4F5E-8B1B-D976286CDB47}
		{338662EB-797A-43AE-8C6F-D8C6D708FB62} = {F7C44659-853E-4F5E-8B1B-D976286CDB47}
		{F6FCBD18-285E-4DB7-847F-6F40000BB014} = {F7C44659-853E-4F5E-8B1B-D976286CDB47}
		{DD278452-4C7D-417C-9534-E9A56D27FDDB} = {F7C44659-853E-4F5E-8B1B-D976286CDB47}
		{C9FF5C26-6C9F-438D-97A9-23F7C54CC2F5} = {F7C44659-853E-4F5E-8B1B-D976286CDB47}
		{8BAF07E4-558D-4DB3-B203-2BF83379A44E} = {F7C44659-853E-4F5E-8B1B-D976286CDB47}
		{327A9CE0-D224-42E3-9A69-9D3BF63FFCBF} = {F7C44659-853E-4F5E-8B1B-D976286CDB47}
	EndGlobalSection
	GlobalSection(ExtensibilityGlobals) = postSolution
		SolutionGuid = {5B5049EE-046D-4710-AFD0-161607B2A4B2}
	EndGlobalSection
EndGlobal
